
Microsoft Visual Studio Solution File, Format Version 12.00
# Visual Studio 14
VisualStudioVersion = 14.0.25420.1
MinimumVisualStudioVersion = 10.0.40219.1
Project("{9092AA53-FB77-4645-B42D-1CCCA6BD08BD}") = "9tensu_search", "9tensu_search\9tensu_search.njsproj", "{A449F4D9-5169-42FE-9FF7-2C25105FA2A3}"
EndProject
Global
	GlobalSection(SolutionConfigurationPlatforms) = preSolution
		Debug|Any CPU = Debug|Any CPU
		Release|Any CPU = Release|Any CPU
	EndGlobalSection
	GlobalSection(ProjectConfigurationPlatforms) = postSolution
		{A449F4D9-5169-42FE-9FF7-2C25105FA2A3}.Debug|Any CPU.ActiveCfg = Debug|Any CPU
		{A449F4D9-5169-42FE-9FF7-2C25105FA2A3}.Debug|Any CPU.Build.0 = Debug|Any CPU
		{A449F4D9-5169-42FE-9FF7-2C25105FA2A3}.Release|Any CPU.ActiveCfg = Release|Any CPU
		{A449F4D9-5169-42FE-9FF7-2C25105FA2A3}.Release|Any CPU.Build.0 = Release|Any CPU
	EndGlobalSection
	GlobalSection(SolutionProperties) = preSolution
		HideSolutionNode = FALSE
	EndGlobalSection
EndGlobal
